{
  "version": 4,
  "terraform_version": "1.5.3",
  "serial": 1,
  "lineage": "9d742638-b1c5-7b52-47d3-2211c6860d0c",
  "outputs": {},
  "resources": [
    {
      "mode": "managed",
      "type": "local_file",
      "name": "anshu",
      "provider": "provider[\"registry.terraform.io/hashicorp/local\"]",
      "instances": [
        {
          "schema_version": 0,
          "attributes": {
            "content": "This is new file of anshuman ",
            "content_base64": null,
            "content_base64sha256": "eyFfE583T1CtKC7D0moS8iVO0HNnHfpMsV1UObd0ndw=",
            "content_base64sha512": "6xe9RxM90R6GmW5sxdx72f6UScFdNpr26OZ1GORBxpxZUTHj8q3JlFs4j075xzQDc+XvecK09p/pb65QvJfFsQ==",
            "content_md5": "80f46b30a07e8a08b6c1f933c87f7f1f",
            "content_sha1": "824fe62f530fb1b563fe4800a23dfe5f32eb6971",
            "content_sha256": "7b215f139f374f50ad282ec3d26a12f2254ed073671dfa4cb15d5439b7749ddc",
            "content_sha512": "eb17bd47133dd11e86996e6cc5dc7bd9fe9449c15d369af6e8e67518e441c69c595131e3f2adc9945b388f4ef9c7340373e5ef79c2b4f69fe96fae50bc97c5b1",
            "directory_permission": "0777",
            "file_permission": "0777",
            "filename": "/home/ubuntu/terraform-project/anshu.txt",
            "id": "824fe62f530fb1b563fe4800a23dfe5f32eb6971",
            "sensitive_content": null,
            "source": null
          },
          "sensitive_attributes": []
        }
      ]
    }
  ],
  "check_results": null
}
